
Microsoft Visual Studio Solution File, Format Version 12.00
# Visual Studio Version 16
VisualStudioVersion = 16.0.30611.23
MinimumVisualStudioVersion = 10.0.40219.1
Project("{F184B08F-C81C-45F6-A57F-5ABD9991F28F}") = "Eclair Student Portal", "Eclair Student Portal.vbproj", "{6F742B4A-6428-401D-B0F7-27BB282621A3}"
EndProject
Global
	GlobalSection(SolutionConfigurationPlatforms) = preSolution
		Debug|Any CPU = Debug|Any CPU
		Release|Any CPU = Release|Any CPU
	EndGlobalSection
	GlobalSection(ProjectConfigurationPlatforms) = postSolution
		{6F742B4A-6428-401D-B0F7-27BB282621A3}.Debug|Any CPU.ActiveCfg = Debug|Any CPU
		{6F742B4A-6428-401D-B0F7-27BB282621A3}.Debug|Any CPU.Build.0 = Debug|Any CPU
		{6F742B4A-6428-401D-B0F7-27BB282621A3}.Release|Any CPU.ActiveCfg = Release|Any CPU
		{6F742B4A-6428-401D-B0F7-27BB282621A3}.Release|Any CPU.Build.0 = Release|Any CPU
	EndGlobalSection
	GlobalSection(SolutionProperties) = preSolution
		HideSolutionNode = FALSE
	EndGlobalSection
	GlobalSection(ExtensibilityGlobals) = postSolution
		SolutionGuid = {6F1EAE66-28AA-4051-94EE-175F7E3E2423}
	EndGlobalSection
EndGlobal
